
Microsoft Visual Studio Solution File, Format Version 12.00
# Visual Studio Version 16
VisualStudioVersion = 16.0.31515.178
MinimumVisualStudioVersion = 10.0.40219.1
Project("{9A19103F-16F7-4668-BE54-9A1E7A4F7556}") = "Password Manager Server", "Password Manager Server\Password Manager Server.csproj", "{D967A57B-0390-497C-BBFE-D1C2A3210896}"
EndProject
Project("{9A19103F-16F7-4668-BE54-9A1E7A4F7556}") = "Password Manager Client", "Password Manager Client\Password Manager Client.csproj", "{7B62D0F7-A7AF-4FAD-900E-D7AB92739358}"
EndProject
Global
	GlobalSection(SolutionConfigurationPlatforms) = preSolution
		Debug|Any CPU = Debug|Any CPU
		Release|Any CPU = Release|Any CPU
	EndGlobalSection
	GlobalSection(ProjectConfigurationPlatforms) = postSolution
		{D967A57B-0390-497C-BBFE-D1C2A3210896}.Debug|Any CPU.ActiveCfg = Debug|Any CPU
		{D967A57B-0390-497C-BBFE-D1C2A3210896}.Debug|Any CPU.Build.0 = Debug|Any CPU
		{D967A57B-0390-497C-BBFE-D1C2A3210896}.Release|Any CPU.ActiveCfg = Release|Any CPU
		{D967A57B-0390-497C-BBFE-D1C2A3210896}.Release|Any CPU.Build.0 = Release|Any CPU
		{7B62D0F7-A7AF-4FAD-900E-D7AB92739358}.Debug|Any CPU.ActiveCfg = Debug|Any CPU
		{7B62D0F7-A7AF-4FAD-900E-D7AB92739358}.Debug|Any CPU.Build.0 = Debug|Any CPU
		{7B62D0F7-A7AF-4FAD-900E-D7AB92739358}.Release|Any CPU.ActiveCfg = Release|Any CPU
		{7B62D0F7-A7AF-4FAD-900E-D7AB92739358}.Release|Any CPU.Build.0 = Release|Any CPU
	EndGlobalSection
	GlobalSection(SolutionProperties) = preSolution
		HideSolutionNode = FALSE
	EndGlobalSection
	GlobalSection(ExtensibilityGlobals) = postSolution
		SolutionGuid = {D45CC1CC-8231-42E7-82F0-C857C9D6BEE0}
	EndGlobalSection
EndGlobal
